// !$*UTF8*$!
{
	archiveVersion = 1;
	classes = {
	};
	objectVersion = 50;
	objects = {

/* Begin PBXBuildFile section */
		2B3AB614223DBF6A00C3E430 /* UIImage.swift in Sources */ = {isa = PBXBuildFile; fileRef = 2B3AB613223DBF6A00C3E430 /* UIImage.swift */; };
		2B3AB616223DC27C00C3E430 /* String.swift in Sources */ = {isa = PBXBuildFile; fileRef = 2B3AB615223DC27C00C3E430 /* String.swift */; };
		2B3AB636224053FF00C3E430 /* NSAttributedString.swift in Sources */ = {isa = PBXBuildFile; fileRef = 2B3AB635224053FF00C3E430 /* NSAttributedString.swift */; };
		2B3AB6562242D7CD00C3E430 /* Styles.swift in Sources */ = {isa = PBXBuildFile; fileRef = 2B3AB6552242D7CD00C3E430 /* Styles.swift */; };
		2B3AB6582242DEF800C3E430 /* DataManager.swift in Sources */ = {isa = PBXBuildFile; fileRef = 2B3AB6572242DEF800C3E430 /* DataManager.swift */; };
		2B3AB6672242EA6000C3E430 /* FirebaseAuth.framework in Frameworks */ = {isa = PBXBuildFile; fileRef = 2B3AB65B2242EA5F00C3E430 /* FirebaseAuth.framework */; };
		2B3AB6682242EA6000C3E430 /* FirebaseDatabase.framework in Frameworks */ = {isa = PBXBuildFile; fileRef = 2B3AB65C2242EA5F00C3E430 /* FirebaseDatabase.framework */; };
		2B3AB66A2242EA6000C3E430 /* GoogleUtilities.framework in Frameworks */ = {isa = PBXBuildFile; fileRef = 2B3AB65E2242EA5F00C3E430 /* GoogleUtilities.framework */; };
		2B3AB66B2242EA6000C3E430 /* FirebaseAnalytics.framework in Frameworks */ = {isa = PBXBuildFile; fileRef = 2B3AB65F2242EA5F00C3E430 /* FirebaseAnalytics.framework */; };
		2B3AB66C2242EA6000C3E430 /* FirebaseStorage.framework in Frameworks */ = {isa = PBXBuildFile; fileRef = 2B3AB6602242EA6000C3E430 /* FirebaseStorage.framework */; };
		2B3AB66D2242EA6000C3E430 /* GoogleAppMeasurement.framework in Frameworks */ = {isa = PBXBuildFile; fileRef = 2B3AB6612242EA6000C3E430 /* GoogleAppMeasurement.framework */; };
		2B3AB66E2242EA6000C3E430 /* FIRAnalyticsConnector.framework in Frameworks */ = {isa = PBXBuildFile; fileRef = 2B3AB6622242EA6000C3E430 /* FIRAnalyticsConnector.framework */; };
		2B3AB66F2242EA6000C3E430 /* GTMSessionFetcher.framework in Frameworks */ = {isa = PBXBuildFile; fileRef = 2B3AB6632242EA6000C3E430 /* GTMSessionFetcher.framework */; };
		2B3AB6702242EA6000C3E430 /* FirebaseInstanceID.framework in Frameworks */ = {isa = PBXBuildFile; fileRef = 2B3AB6642242EA6000C3E430 /* FirebaseInstanceID.framework */; };
		2B3AB6712242EA6000C3E430 /* FirebaseCoreDiagnostics.framework in Frameworks */ = {isa = PBXBuildFile; fileRef = 2B3AB6652242EA6000C3E430 /* FirebaseCoreDiagnostics.framework */; };
		2B3AB6722242EA6000C3E430 /* FirebaseCore.framework in Frameworks */ = {isa = PBXBuildFile; fileRef = 2B3AB6662242EA6000C3E430 /* FirebaseCore.framework */; };
		2B3AB6742242EB0F00C3E430 /* nanopb.framework in Frameworks */ = {isa = PBXBuildFile; fileRef = 2B3AB6732242EB0F00C3E430 /* nanopb.framework */; };
		2B3AB6762242EBDF00C3E430 /* libsqlite3.tbd in Frameworks */ = {isa = PBXBuildFile; fileRef = 2B3AB6752242EBDF00C3E430 /* libsqlite3.tbd */; };
		2B3AB6782242EC4C00C3E430 /* libc++.tbd in Frameworks */ = {isa = PBXBuildFile; fileRef = 2B3AB6772242EC4C00C3E430 /* libc++.tbd */; };
		2B3AB67A2242EC8700C3E430 /* libicucore.tbd in Frameworks */ = {isa = PBXBuildFile; fileRef = 2B3AB6792242EC8700C3E430 /* libicucore.tbd */; };
		2B3AB67C2242ECE200C3E430 /* leveldb-library.framework in Frameworks */ = {isa = PBXBuildFile; fileRef = 2B3AB67B2242ECE200C3E430 /* leveldb-library.framework */; };
		2B3AB68A2242EE0900C3E430 /* StoreKit.framework in Frameworks */ = {isa = PBXBuildFile; fileRef = 2B3AB6892242EE0900C3E430 /* StoreKit.framework */; };
		2B3AB68C2242EEE500C3E430 /* Firebase.framework in Frameworks */ = {isa = PBXBuildFile; fileRef = 2B3AB68B2242EEE500C3E430 /* Firebase.framework */; };
		2B3AB6942243295300C3E430 /* LoginViewController.swift in Sources */ = {isa = PBXBuildFile; fileRef = 2B3AB6932243295300C3E430 /* LoginViewController.swift */; };
		2B3AB6962243299000C3E430 /* RegisterViewController.swift in Sources */ = {isa = PBXBuildFile; fileRef = 2B3AB6952243299000C3E430 /* RegisterViewController.swift */; };
		2B3AB69822432D7B00C3E430 /* FirebaseManager.swift in Sources */ = {isa = PBXBuildFile; fileRef = 2B3AB69722432D7B00C3E430 /* FirebaseManager.swift */; };
		2B3AB69A224331C000C3E430 /* LoadingDisplayable.swift in Sources */ = {isa = PBXBuildFile; fileRef = 2B3AB699224331C000C3E430 /* LoadingDisplayable.swift */; };
		2B3AB69C224344B500C3E430 /* UserProfileTableViewController.swift in Sources */ = {isa = PBXBuildFile; fileRef = 2B3AB69B224344B500C3E430 /* UserProfileTableViewController.swift */; };
		2B3AB69F2243DF0B00C3E430 /* Note.swift in Sources */ = {isa = PBXBuildFile; fileRef = 2B3AB69E2243DF0B00C3E430 /* Note.swift */; };
		2B3AB6A12243DF7B00C3E430 /* DictionaryConvertible.swift in Sources */ = {isa = PBXBuildFile; fileRef = 2B3AB6A02243DF7B00C3E430 /* DictionaryConvertible.swift */; };
		2B3AB6A32243E8A400C3E430 /* Result.swift in Sources */ = {isa = PBXBuildFile; fileRef = 2B3AB6A22243E8A400C3E430 /* Result.swift */; };
		2B3AB6A62244098C00C3E430 /* Atomic.swift in Sources */ = {isa = PBXBuildFile; fileRef = 2B3AB6A52244098C00C3E430 /* Atomic.swift */; };
		2B3AB6A82244505E00C3E430 /* SyncManager.swift in Sources */ = {isa = PBXBuildFile; fileRef = 2B3AB6A72244505E00C3E430 /* SyncManager.swift */; };
		2B3AB6AA2244681200C3E430 /* Array.swift in Sources */ = {isa = PBXBuildFile; fileRef = 2B3AB6A92244681200C3E430 /* Array.swift */; };
		2B3AB6CA2245B85500C3E430 /* DrawViewController.swift in Sources */ = {isa = PBXBuildFile; fileRef = 2B3AB6C92245B85500C3E430 /* DrawViewController.swift */; };
		2B3AB6CD2245C77100C3E430 /* SettingsViewController.swift in Sources */ = {isa = PBXBuildFile; fileRef = 2B3AB6CC2245C77100C3E430 /* SettingsViewController.swift */; };
		2B3AB6D02245EAC500C3E430 /* GoogleService-Info.plist in Resources */ = {isa = PBXBuildFile; fileRef = 2B3AB6CF2245EAC500C3E430 /* GoogleService-Info.plist */; };
		2B3AB6F42246A65200C3E430 /* Recorder.swift in Sources */ = {isa = PBXBuildFile; fileRef = 2B3AB6F32246A65200C3E430 /* Recorder.swift */; };
		2B3AB6F622495F3300C3E430 /* UIView.swift in Sources */ = {isa = PBXBuildFile; fileRef = 2B3AB6F522495F3300C3E430 /* UIView.swift */; };
		2B955FC8223AB55C008BCB22 /* AppDelegate.swift in Sources */ = {isa = PBXBuildFile; fileRef = 2B955FC7223AB55C008BCB22 /* AppDelegate.swift */; };
		2B955FCD223AB55C008BCB22 /* Main.storyboard in Resources */ = {isa = PBXBuildFile; fileRef = 2B955FCB223AB55C008BCB22 /* Main.storyboard */; };
		2B955FD0223AB55C008BCB22 /* SmartNotes.xcdatamodeld in Sources */ = {isa = PBXBuildFile; fileRef = 2B955FCE223AB55C008BCB22 /* SmartNotes.xcdatamodeld */; };
		2B955FD2223AB560008BCB22 /* Assets.xcassets in Resources */ = {isa = PBXBuildFile; fileRef = 2B955FD1223AB560008BCB22 /* Assets.xcassets */; };
		2B955FD5223AB560008BCB22 /* LaunchScreen.storyboard in Resources */ = {isa = PBXBuildFile; fileRef = 2B955FD3223AB560008BCB22 /* LaunchScreen.storyboard */; };
		2B955FE2223AC3D7008BCB22 /* NotesViewController.swift in Sources */ = {isa = PBXBuildFile; fileRef = 2B955FE1223AC3D7008BCB22 /* NotesViewController.swift */; };
		2B955FE4223AC988008BCB22 /* NoteTableViewCell.swift in Sources */ = {isa = PBXBuildFile; fileRef = 2B955FE3223AC988008BCB22 /* NoteTableViewCell.swift */; };
		2B955FE6223AD7DA008BCB22 /* ShowNoteViewController.swift in Sources */ = {isa = PBXBuildFile; fileRef = 2B955FE5223AD7DA008BCB22 /* ShowNoteViewController.swift */; };
		2B955FE8223AE24D008BCB22 /* AlertDisplayable.swift in Sources */ = {isa = PBXBuildFile; fileRef = 2B955FE7223AE24D008BCB22 /* AlertDisplayable.swift */; };
		2B955FEA223AFF9C008BCB22 /* MapViewController.swift in Sources */ = {isa = PBXBuildFile; fileRef = 2B955FE9223AFF9C008BCB22 /* MapViewController.swift */; };
		2B955FF1223B48B1008BCB22 /* IQKeyboardManagerSwift.framework in Frameworks */ = {isa = PBXBuildFile; fileRef = 2B955FF0223B48B1008BCB22 /* IQKeyboardManagerSwift.framework */; };
/* End PBXBuildFile section */

/* Begin PBXFileReference section */
		2B3AB613223DBF6A00C3E430 /* UIImage.swift */ = {isa = PBXFileReference; lastKnownFileType = sourcecode.swift; path = UIImage.swift; sourceTree = "<group>"; };
		2B3AB615223DC27C00C3E430 /* String.swift */ = {isa = PBXFileReference; lastKnownFileType = sourcecode.swift; path = String.swift; sourceTree = "<group>"; };
		2B3AB635224053FF00C3E430 /* NSAttributedString.swift */ = {isa = PBXFileReference; lastKnownFileType = sourcecode.swift; path = NSAttributedString.swift; sourceTree = "<group>"; };
		2B3AB6552242D7CD00C3E430 /* Styles.swift */ = {isa = PBXFileReference; lastKnownFileType = sourcecode.swift; path = Styles.swift; sourceTree = "<group>"; };
		2B3AB6572242DEF800C3E430 /* DataManager.swift */ = {isa = PBXFileReference; lastKnownFileType = sourcecode.swift; path = DataManager.swift; sourceTree = "<group>"; };
		2B3AB65B2242EA5F00C3E430 /* FirebaseAuth.framework */ = {isa = PBXFileReference; lastKnownFileType = wrapper.framework; name = FirebaseAuth.framework; path = Carthage/Build/iOS/FirebaseAuth.framework; sourceTree = "<group>"; };
		2B3AB65C2242EA5F00C3E430 /* FirebaseDatabase.framework */ = {isa = PBXFileReference; lastKnownFileType = wrapper.framework; name = FirebaseDatabase.framework; path = Carthage/Build/iOS/FirebaseDatabase.framework; sourceTree = "<group>"; };
		2B3AB65E2242EA5F00C3E430 /* GoogleUtilities.framework */ = {isa = PBXFileReference; lastKnownFileType = wrapper.framework; name = GoogleUtilities.framework; path = Carthage/Build/iOS/GoogleUtilities.framework; sourceTree = "<group>"; };
		2B3AB65F2242EA5F00C3E430 /* FirebaseAnalytics.framework */ = {isa = PBXFileReference; lastKnownFileType = wrapper.framework; name = FirebaseAnalytics.framework; path = Carthage/Build/iOS/FirebaseAnalytics.framework; sourceTree = "<group>"; };
		2B3AB6602242EA6000C3E430 /* FirebaseStorage.framework */ = {isa = PBXFileReference; lastKnownFileType = wrapper.framework; name = FirebaseStorage.framework; path = Carthage/Build/iOS/FirebaseStorage.framework; sourceTree = "<group>"; };
		2B3AB6612242EA6000C3E430 /* GoogleAppMeasurement.framework */ = {isa = PBXFileReference; lastKnownFileType = wrapper.framework; name = GoogleAppMeasurement.framework; path = Carthage/Build/iOS/GoogleAppMeasurement.framework; sourceTree = "<group>"; };
		2B3AB6622242EA6000C3E430 /* FIRAnalyticsConnector.framework */ = {isa = PBXFileReference; lastKnownFileType = wrapper.framework; name = FIRAnalyticsConnector.framework; path = Carthage/Build/iOS/FIRAnalyticsConnector.framework; sourceTree = "<group>"; };
		2B3AB6632242EA6000C3E430 /* GTMSessionFetcher.framework */ = {isa = PBXFileReference; lastKnownFileType = wrapper.framework; name = GTMSessionFetcher.framework; path = Carthage/Build/iOS/GTMSessionFetcher.framework; sourceTree = "<group>"; };
		2B3AB6642242EA6000C3E430 /* FirebaseInstanceID.framework */ = {isa = PBXFileReference; lastKnownFileType = wrapper.framework; name = FirebaseInstanceID.framework; path = Carthage/Build/iOS/FirebaseInstanceID.framework; sourceTree = "<group>"; };
		2B3AB6652242EA6000C3E430 /* FirebaseCoreDiagnostics.framework */ = {isa = PBXFileReference; lastKnownFileType = wrapper.framework; name = FirebaseCoreDiagnostics.framework; path = Carthage/Build/iOS/FirebaseCoreDiagnostics.framework; sourceTree = "<group>"; };
		2B3AB6662242EA6000C3E430 /* FirebaseCore.framework */ = {isa = PBXFileReference; lastKnownFileType = wrapper.framework; name = FirebaseCore.framework; path = Carthage/Build/iOS/FirebaseCore.framework; sourceTree = "<group>"; };
		2B3AB6732242EB0F00C3E430 /* nanopb.framework */ = {isa = PBXFileReference; lastKnownFileType = wrapper.framework; name = nanopb.framework; path = Carthage/Build/iOS/nanopb.framework; sourceTree = "<group>"; };
		2B3AB6752242EBDF00C3E430 /* libsqlite3.tbd */ = {isa = PBXFileReference; lastKnownFileType = "sourcecode.text-based-dylib-definition"; name = libsqlite3.tbd; path = usr/lib/libsqlite3.tbd; sourceTree = SDKROOT; };
		2B3AB6772242EC4C00C3E430 /* libc++.tbd */ = {isa = PBXFileReference; lastKnownFileType = "sourcecode.text-based-dylib-definition"; name = "libc++.tbd"; path = "usr/lib/libc++.tbd"; sourceTree = SDKROOT; };
		2B3AB6792242EC8700C3E430 /* libicucore.tbd */ = {isa = PBXFileReference; lastKnownFileType = "sourcecode.text-based-dylib-definition"; name = libicucore.tbd; path = usr/lib/libicucore.tbd; sourceTree = SDKROOT; };
		2B3AB67B2242ECE200C3E430 /* leveldb-library.framework */ = {isa = PBXFileReference; lastKnownFileType = wrapper.framework; name = "leveldb-library.framework"; path = "Carthage/Build/iOS/leveldb-library.framework"; sourceTree = "<group>"; };
		2B3AB6892242EE0900C3E430 /* StoreKit.framework */ = {isa = PBXFileReference; lastKnownFileType = wrapper.framework; name = StoreKit.framework; path = System/Library/Frameworks/StoreKit.framework; sourceTree = SDKROOT; };
		2B3AB68B2242EEE500C3E430 /* Firebase.framework */ = {isa = PBXFileReference; lastKnownFileType = wrapper.framework; name = Firebase.framework; path = Carthage/Build/iOS/Firebase.framework; sourceTree = "<group>"; };
		2B3AB6932243295300C3E430 /* LoginViewController.swift */ = {isa = PBXFileReference; lastKnownFileType = sourcecode.swift; path = LoginViewController.swift; sourceTree = "<group>"; };
		2B3AB6952243299000C3E430 /* RegisterViewController.swift */ = {isa = PBXFileReference; lastKnownFileType = sourcecode.swift; path = RegisterViewController.swift; sourceTree = "<group>"; };
		2B3AB69722432D7B00C3E430 /* FirebaseManager.swift */ = {isa = PBXFileReference; lastKnownFileType = sourcecode.swift; path = FirebaseManager.swift; sourceTree = "<group>"; };
		2B3AB699224331C000C3E430 /* LoadingDisplayable.swift */ = {isa = PBXFileReference; lastKnownFileType = sourcecode.swift; path = LoadingDisplayable.swift; sourceTree = "<group>"; };
		2B3AB69B224344B500C3E430 /* UserProfileTableViewController.swift */ = {isa = PBXFileReference; lastKnownFileType = sourcecode.swift; path = UserProfileTableViewController.swift; sourceTree = "<group>"; };
		2B3AB69E2243DF0B00C3E430 /* Note.swift */ = {isa = PBXFileReference; lastKnownFileType = sourcecode.swift; path = Note.swift; sourceTree = "<group>"; };
		2B3AB6A02243DF7B00C3E430 /* DictionaryConvertible.swift */ = {isa = PBXFileReference; lastKnownFileType = sourcecode.swift; path = DictionaryConvertible.swift; sourceTree = "<group>"; };
		2B3AB6A22243E8A400C3E430 /* Result.swift */ = {isa = PBXFileReference; lastKnownFileType = sourcecode.swift; path = Result.swift; sourceTree = "<group>"; };
		2B3AB6A52244098C00C3E430 /* Atomic.swift */ = {isa = PBXFileReference; lastKnownFileType = sourcecode.swift; path = Atomic.swift; sourceTree = "<group>"; };
		2B3AB6A72244505E00C3E430 /* SyncManager.swift */ = {isa = PBXFileReference; lastKnownFileType = sourcecode.swift; path = SyncManager.swift; sourceTree = "<group>"; };
		2B3AB6A92244681200C3E430 /* Array.swift */ = {isa = PBXFileReference; lastKnownFileType = sourcecode.swift; path = Array.swift; sourceTree = "<group>"; };
		2B3AB6C92245B85500C3E430 /* DrawViewController.swift */ = {isa = PBXFileReference; lastKnownFileType = sourcecode.swift; path = DrawViewController.swift; sourceTree = "<group>"; };
		2B3AB6CC2245C77100C3E430 /* SettingsViewController.swift */ = {isa = PBXFileReference; lastKnownFileType = sourcecode.swift; path = SettingsViewController.swift; sourceTree = "<group>"; };
		2B3AB6CF2245EAC500C3E430 /* GoogleService-Info.plist */ = {isa = PBXFileReference; fileEncoding = 4; lastKnownFileType = text.plist.xml; path = "GoogleService-Info.plist"; sourceTree = "<group>"; };
		2B3AB6F32246A65200C3E430 /* Recorder.swift */ = {isa = PBXFileReference; lastKnownFileType = sourcecode.swift; path = Recorder.swift; sourceTree = "<group>"; };
		2B3AB6F522495F3300C3E430 /* UIView.swift */ = {isa = PBXFileReference; lastKnownFileType = sourcecode.swift; path = UIView.swift; sourceTree = "<group>"; };
		2B955FC4223AB55C008BCB22 /* SmartNotes.app */ = {isa = PBXFileReference; explicitFileType = wrapper.application; includeInIndex = 0; path = SmartNotes.app; sourceTree = BUILT_PRODUCTS_DIR; };
		2B955FC7223AB55C008BCB22 /* AppDelegate.swift */ = {isa = PBXFileReference; lastKnownFileType = sourcecode.swift; path = AppDelegate.swift; sourceTree = "<group>"; };
		2B955FCC223AB55C008BCB22 /* Base */ = {isa = PBXFileReference; lastKnownFileType = file.storyboard; name = Base; path = Base.lproj/Main.storyboard; sourceTree = "<group>"; };
		2B955FCF223AB55C008BCB22 /* SmartNotes.xcdatamodel */ = {isa = PBXFileReference; lastKnownFileType = wrapper.xcdatamodel; path = SmartNotes.xcdatamodel; sourceTree = "<group>"; };
		2B955FD1223AB560008BCB22 /* Assets.xcassets */ = {isa = PBXFileReference; lastKnownFileType = folder.assetcatalog; path = Assets.xcassets; sourceTree = "<group>"; };
		2B955FD4223AB560008BCB22 /* Base */ = {isa = PBXFileReference; lastKnownFileType = file.storyboard; name = Base; path = Base.lproj/LaunchScreen.storyboard; sourceTree = "<group>"; };
		2B955FD6223AB560008BCB22 /* Info.plist */ = {isa = PBXFileReference; lastKnownFileType = text.plist.xml; path = Info.plist; sourceTree = "<group>"; };
		2B955FE1223AC3D7008BCB22 /* NotesViewController.swift */ = {isa = PBXFileReference; lastKnownFileType = sourcecode.swift; path = NotesViewController.swift; sourceTree = "<group>"; };
		2B955FE3223AC988008BCB22 /* NoteTableViewCell.swift */ = {isa = PBXFileReference; lastKnownFileType = sourcecode.swift; path = NoteTableViewCell.swift; sourceTree = "<group>"; };
		2B955FE5223AD7DA008BCB22 /* ShowNoteViewController.swift */ = {isa = PBXFileReference; lastKnownFileType = sourcecode.swift; path = ShowNoteViewController.swift; sourceTree = "<group>"; };
		2B955FE7223AE24D008BCB22 /* AlertDisplayable.swift */ = {isa = PBXFileReference; lastKnownFileType = sourcecode.swift; path = AlertDisplayable.swift; sourceTree = "<group>"; };
		2B955FE9223AFF9C008BCB22 /* MapViewController.swift */ = {isa = PBXFileReference; lastKnownFileType = sourcecode.swift; path = MapViewController.swift; sourceTree = "<group>"; };
		2B955FF0223B48B1008BCB22 /* IQKeyboardManagerSwift.framework */ = {isa = PBXFileReference; lastKnownFileType = wrapper.framework; name = IQKeyboardManagerSwift.framework; path = Carthage/Build/iOS/IQKeyboardManagerSwift.framework; sourceTree = "<group>"; };
/* End PBXFileReference section */

/* Begin PBXFrameworksBuildPhase section */
		2B955FC1223AB55C008BCB22 /* Frameworks */ = {
			isa = PBXFrameworksBuildPhase;
			buildActionMask = 2147483647;
			files = (
				2B3AB68A2242EE0900C3E430 /* StoreKit.framework in Frameworks */,
				2B3AB67A2242EC8700C3E430 /* libicucore.tbd in Frameworks */,
				2B3AB6782242EC4C00C3E430 /* libc++.tbd in Frameworks */,
				2B3AB6762242EBDF00C3E430 /* libsqlite3.tbd in Frameworks */,
				2B955FF1223B48B1008BCB22 /* IQKeyboardManagerSwift.framework in Frameworks */,
				2B3AB6672242EA6000C3E430 /* FirebaseAuth.framework in Frameworks */,
				2B3AB6682242EA6000C3E430 /* FirebaseDatabase.framework in Frameworks */,
				2B3AB67C2242ECE200C3E430 /* leveldb-library.framework in Frameworks */,
				2B3AB6742242EB0F00C3E430 /* nanopb.framework in Frameworks */,
				2B3AB66A2242EA6000C3E430 /* GoogleUtilities.framework in Frameworks */,
				2B3AB66B2242EA6000C3E430 /* FirebaseAnalytics.framework in Frameworks */,
				2B3AB68C2242EEE500C3E430 /* Firebase.framework in Frameworks */,
				2B3AB66C2242EA6000C3E430 /* FirebaseStorage.framework in Frameworks */,
				2B3AB66D2242EA6000C3E430 /* GoogleAppMeasurement.framework in Frameworks */,
				2B3AB66E2242EA6000C3E430 /* FIRAnalyticsConnector.framework in Frameworks */,
				2B3AB66F2242EA6000C3E430 /* GTMSessionFetcher.framework in Frameworks */,
				2B3AB6702242EA6000C3E430 /* FirebaseInstanceID.framework in Frameworks */,
				2B3AB6712242EA6000C3E430 /* FirebaseCoreDiagnostics.framework in Frameworks */,
				2B3AB6722242EA6000C3E430 /* FirebaseCore.framework in Frameworks */,
			);
			runOnlyForDeploymentPostprocessing = 0;
		};
/* End PBXFrameworksBuildPhase section */

/* Begin PBXGroup section */
		2B3AB68F2242F12A00C3E430 /* Extensions */ = {
			isa = PBXGroup;
			children = (
				2B3AB613223DBF6A00C3E430 /* UIImage.swift */,
				2B3AB635224053FF00C3E430 /* NSAttributedString.swift */,
				2B3AB615223DC27C00C3E430 /* String.swift */,
				2B3AB6A92244681200C3E430 /* Array.swift */,
				2B3AB6F522495F3300C3E430 /* UIView.swift */,
			);
			path = Extensions;
			sourceTree = "<group>";
		};
		2B3AB6902242F15A00C3E430 /* Managers */ = {
			isa = PBXGroup;
			children = (
				2B3AB6572242DEF800C3E430 /* DataManager.swift */,
				2B3AB69722432D7B00C3E430 /* FirebaseManager.swift */,
				2B3AB6A72244505E00C3E430 /* SyncManager.swift */,
				2B3AB6F32246A65200C3E430 /* Recorder.swift */,
			);
			path = Managers;
			sourceTree = "<group>";
		};
		2B3AB69D2243DEF000C3E430 /* Models */ = {
			isa = PBXGroup;
			children = (
				2B3AB69E2243DF0B00C3E430 /* Note.swift */,
			);
			path = Models;
			sourceTree = "<group>";
		};
		2B3AB6A42244097900C3E430 /* Helpers */ = {
			isa = PBXGroup;
			children = (
				2B3AB6A22243E8A400C3E430 /* Result.swift */,
				2B3AB6A52244098C00C3E430 /* Atomic.swift */,
			);
			path = Helpers;
			sourceTree = "<group>";
		};
		2B3AB6CB2245C75D00C3E430 /* Drawer */ = {
			isa = PBXGroup;
			children = (
				2B3AB6C92245B85500C3E430 /* DrawViewController.swift */,
				2B3AB6CC2245C77100C3E430 /* SettingsViewController.swift */,
			);
			path = Drawer;
			sourceTree = "<group>";
		};
		2B3AB6CE2245C77800C3E430 /* Profile */ = {
			isa = PBXGroup;
			children = (
				2B3AB6932243295300C3E430 /* LoginViewController.swift */,
				2B3AB6952243299000C3E430 /* RegisterViewController.swift */,
				2B3AB69B224344B500C3E430 /* UserProfileTableViewController.swift */,
			);
			path = Profile;
			sourceTree = "<group>";
		};
		2B955FBB223AB55C008BCB22 = {
			isa = PBXGroup;
			children = (
				2B955FC6223AB55C008BCB22 /* SmartNotes */,
				2B955FC5223AB55C008BCB22 /* Products */,
				2B955FEF223B48B1008BCB22 /* Frameworks */,
			);
			sourceTree = "<group>";
		};
		2B955FC5223AB55C008BCB22 /* Products */ = {
			isa = PBXGroup;
			children = (
				2B955FC4223AB55C008BCB22 /* SmartNotes.app */,
			);
			name = Products;
			sourceTree = "<group>";
		};
		2B955FC6223AB55C008BCB22 /* SmartNotes */ = {
			isa = PBXGroup;
			children = (
				2B3AB6A42244097900C3E430 /* Helpers */,
				2B3AB69D2243DEF000C3E430 /* Models */,
				2B3AB6902242F15A00C3E430 /* Managers */,
				2B3AB68F2242F12A00C3E430 /* Extensions */,
				2B955FED223B06D3008BCB22 /* Protocols */,
				2B955FEC223B06B1008BCB22 /* Controllers */,
				2B955FEB223B069D008BCB22 /* Views */,
				2B955FEE223B06E1008BCB22 /* Sources */,
			);
			path = SmartNotes;
			sourceTree = "<group>";
		};
		2B955FEB223B069D008BCB22 /* Views */ = {
			isa = PBXGroup;
			children = (
				2B955FE3223AC988008BCB22 /* NoteTableViewCell.swift */,
				2B955FCB223AB55C008BCB22 /* Main.storyboard */,
				2B955FD3223AB560008BCB22 /* LaunchScreen.storyboard */,
			);
			path = Views;
			sourceTree = "<group>";
		};
		2B955FEC223B06B1008BCB22 /* Controllers */ = {
			isa = PBXGroup;
			children = (
				2B3AB6CE2245C77800C3E430 /* Profile */,
				2B3AB6CB2245C75D00C3E430 /* Drawer */,
				2B955FE1223AC3D7008BCB22 /* NotesViewController.swift */,
				2B955FE5223AD7DA008BCB22 /* ShowNoteViewController.swift */,
				2B955FE9223AFF9C008BCB22 /* MapViewController.swift */,
			);
			path = Controllers;
			sourceTree = "<group>";
		};
		2B955FED223B06D3008BCB22 /* Protocols */ = {
			isa = PBXGroup;
			children = (
				2B955FE7223AE24D008BCB22 /* AlertDisplayable.swift */,
				2B3AB699224331C000C3E430 /* LoadingDisplayable.swift */,
				2B3AB6A02243DF7B00C3E430 /* DictionaryConvertible.swift */,
			);
			path = Protocols;
			sourceTree = "<group>";
		};
		2B955FEE223B06E1008BCB22 /* Sources */ = {
			isa = PBXGroup;
			children = (
				2B3AB6552242D7CD00C3E430 /* Styles.swift */,
				2B955FC7223AB55C008BCB22 /* AppDelegate.swift */,
				2B955FD1223AB560008BCB22 /* Assets.xcassets */,
				2B955FD6223AB560008BCB22 /* Info.plist */,
				2B3AB6CF2245EAC500C3E430 /* GoogleService-Info.plist */,
				2B955FCE223AB55C008BCB22 /* SmartNotes.xcdatamodeld */,
			);
			name = Sources;
			sourceTree = "<group>";
		};
		2B955FEF223B48B1008BCB22 /* Frameworks */ = {
			isa = PBXGroup;
			children = (
				2B3AB68B2242EEE500C3E430 /* Firebase.framework */,
				2B3AB6892242EE0900C3E430 /* StoreKit.framework */,
				2B3AB67B2242ECE200C3E430 /* leveldb-library.framework */,
				2B3AB6792242EC8700C3E430 /* libicucore.tbd */,
				2B3AB6772242EC4C00C3E430 /* libc++.tbd */,
				2B3AB6752242EBDF00C3E430 /* libsqlite3.tbd */,
				2B3AB6732242EB0F00C3E430 /* nanopb.framework */,
				2B3AB6622242EA6000C3E430 /* FIRAnalyticsConnector.framework */,
				2B3AB65F2242EA5F00C3E430 /* FirebaseAnalytics.framework */,
				2B3AB65B2242EA5F00C3E430 /* FirebaseAuth.framework */,
				2B3AB6662242EA6000C3E430 /* FirebaseCore.framework */,
				2B3AB6652242EA6000C3E430 /* FirebaseCoreDiagnostics.framework */,
				2B3AB65C2242EA5F00C3E430 /* FirebaseDatabase.framework */,
				2B3AB6642242EA6000C3E430 /* FirebaseInstanceID.framework */,
				2B3AB6602242EA6000C3E430 /* FirebaseStorage.framework */,
				2B3AB6612242EA6000C3E430 /* GoogleAppMeasurement.framework */,
				2B3AB65E2242EA5F00C3E430 /* GoogleUtilities.framework */,
				2B3AB6632242EA6000C3E430 /* GTMSessionFetcher.framework */,
				2B955FF0223B48B1008BCB22 /* IQKeyboardManagerSwift.framework */,
			);
			name = Frameworks;
			sourceTree = "<group>";
		};
/* End PBXGroup section */

/* Begin PBXNativeTarget section */
		2B955FC3223AB55C008BCB22 /* SmartNotes */ = {
			isa = PBXNativeTarget;
			buildConfigurationList = 2B955FD9223AB560008BCB22 /* Build configuration list for PBXNativeTarget "SmartNotes" */;
			buildPhases = (
				2B955FC0223AB55C008BCB22 /* Sources */,
				2B955FC1223AB55C008BCB22 /* Frameworks */,
				2B955FC2223AB55C008BCB22 /* Resources */,
				2B955FF2223B48E1008BCB22 /* ShellScript */,
			);
			buildRules = (
			);
			dependencies = (
			);
			name = SmartNotes;
			productName = SmartNotes;
			productReference = 2B955FC4223AB55C008BCB22 /* SmartNotes.app */;
			productType = "com.apple.product-type.application";
		};
/* End PBXNativeTarget section */

/* Begin PBXProject section */
		2B955FBC223AB55C008BCB22 /* Project object */ = {
			isa = PBXProject;
			attributes = {
				LastSwiftUpdateCheck = 1010;
				LastUpgradeCheck = 1010;
				ORGANIZATIONNAME = "Daian Aiziatov";
				TargetAttributes = {
					2B955FC3223AB55C008BCB22 = {
						CreatedOnToolsVersion = 10.1;
					};
				};
			};
			buildConfigurationList = 2B955FBF223AB55C008BCB22 /* Build configuration list for PBXProject "SmartNotes" */;
			compatibilityVersion = "Xcode 9.3";
			developmentRegion = en;
			hasScannedForEncodings = 0;
			knownRegions = (
				en,
				Base,
			);
			mainGroup = 2B955FBB223AB55C008BCB22;
			productRefGroup = 2B955FC5223AB55C008BCB22 /* Products */;
			projectDirPath = "";
			projectRoot = "";
			targets = (
				2B955FC3223AB55C008BCB22 /* SmartNotes */,
			);
		};
/* End PBXProject section */

/* Begin PBXResourcesBuildPhase section */
		2B955FC2223AB55C008BCB22 /* Resources */ = {
			isa = PBXResourcesBuildPhase;
			buildActionMask = 2147483647;
			files = (
				2B3AB6D02245EAC500C3E430 /* GoogleService-Info.plist in Resources */,
				2B955FD5223AB560008BCB22 /* LaunchScreen.storyboard in Resources */,
				2B955FD2223AB560008BCB22 /* Assets.xcassets in Resources */,
				2B955FCD223AB55C008BCB22 /* Main.storyboard in Resources */,
			);
			runOnlyForDeploymentPostprocessing = 0;
		};
/* End PBXResourcesBuildPhase section */

/* Begin PBXShellScriptBuildPhase section */
		2B955FF2223B48E1008BCB22 /* ShellScript */ = {
			isa = PBXShellScriptBuildPhase;
			buildActionMask = 2147483647;
			files = (
			);
			inputFileListPaths = (
			);
			inputPaths = (
				"$(SRCROOT)/Carthage/Build/iOS/IQKeyboardManagerSwift.framework",
			);
			outputFileListPaths = (
			);
			outputPaths = (
			);
			runOnlyForDeploymentPostprocessing = 0;
			shellPath = /bin/sh;
			shellScript = "/usr/local/bin/carthage copy-frameworks\n";
		};
/* End PBXShellScriptBuildPhase section */

/* Begin PBXSourcesBuildPhase section */
		2B955FC0223AB55C008BCB22 /* Sources */ = {
			isa = PBXSourcesBuildPhase;
			buildActionMask = 2147483647;
			files = (
				2B3AB6CA2245B85500C3E430 /* DrawViewController.swift in Sources */,
				2B3AB6562242D7CD00C3E430 /* Styles.swift in Sources */,
				2B3AB69C224344B500C3E430 /* UserProfileTableViewController.swift in Sources */,
				2B3AB6582242DEF800C3E430 /* DataManager.swift in Sources */,
				2B955FD0223AB55C008BCB22 /* SmartNotes.xcdatamodeld in Sources */,
				2B3AB6A12243DF7B00C3E430 /* DictionaryConvertible.swift in Sources */,
				2B3AB614223DBF6A00C3E430 /* UIImage.swift in Sources */,
				2B3AB6F622495F3300C3E430 /* UIView.swift in Sources */,
				2B3AB6AA2244681200C3E430 /* Array.swift in Sources */,
				2B3AB6CD2245C77100C3E430 /* SettingsViewController.swift in Sources */,
				2B3AB6A32243E8A400C3E430 /* Result.swift in Sources */,
				2B3AB69F2243DF0B00C3E430 /* Note.swift in Sources */,
				2B955FE2223AC3D7008BCB22 /* NotesViewController.swift in Sources */,
				2B3AB616223DC27C00C3E430 /* String.swift in Sources */,
				2B955FE8223AE24D008BCB22 /* AlertDisplayable.swift in Sources */,
				2B955FC8223AB55C008BCB22 /* AppDelegate.swift in Sources */,
				2B3AB6F42246A65200C3E430 /* Recorder.swift in Sources */,
				2B955FE4223AC988008BCB22 /* NoteTableViewCell.swift in Sources */,
				2B3AB6962243299000C3E430 /* RegisterViewController.swift in Sources */,
				2B3AB636224053FF00C3E430 /* NSAttributedString.swift in Sources */,
				2B3AB69A224331C000C3E430 /* LoadingDisplayable.swift in Sources */,
				2B3AB6A82244505E00C3E430 /* SyncManager.swift in Sources */,
				2B955FE6223AD7DA008BCB22 /* ShowNoteViewController.swift in Sources */,
				2B3AB69822432D7B00C3E430 /* FirebaseManager.swift in Sources */,
				2B3AB6942243295300C3E430 /* LoginViewController.swift in Sources */,
				2B3AB6A62244098C00C3E430 /* Atomic.swift in Sources */,
				2B955FEA223AFF9C008BCB22 /* MapViewController.swift in Sources */,
			);
			runOnlyForDeploymentPostprocessing = 0;
		};
/* End PBXSourcesBuildPhase section */

/* Begin PBXVariantGroup section */
		2B955FCB223AB55C008BCB22 /* Main.storyboard */ = {
			isa = PBXVariantGroup;
			children = (
				2B955FCC223AB55C008BCB22 /* Base */,
			);
			name = Main.storyboard;
			sourceTree = "<group>";
		};
		2B955FD3223AB560008BCB22 /* LaunchScreen.storyboard */ = {
			isa = PBXVariantGroup;
			children = (
				2B955FD4223AB560008BCB22 /* Base */,
			);
			name = LaunchScreen.storyboard;
			sourceTree = "<group>";
		};
/* End PBXVariantGroup section */

/* Begin XCBuildConfiguration section */
		2B955FD7223AB560008BCB22 /* Debug */ = {
			isa = XCBuildConfiguration;
			buildSettings = {
				ALWAYS_SEARCH_USER_PATHS = NO;
				CLANG_ANALYZER_NONNULL = YES;
				CLANG_ANALYZER_NUMBER_OBJECT_CONVERSION = YES_AGGRESSIVE;
				CLANG_CXX_LANGUAGE_STANDARD = "gnu++14";
				CLANG_CXX_LIBRARY = "libc++";
				CLANG_ENABLE_MODULES = YES;
				CLANG_ENABLE_OBJC_ARC = YES;
				CLANG_ENABLE_OBJC_WEAK = YES;
				CLANG_WARN_BLOCK_CAPTURE_AUTORELEASING = YES;
				CLANG_WARN_BOOL_CONVERSION = YES;
				CLANG_WARN_COMMA = YES;
				CLANG_WARN_CONSTANT_CONVERSION = YES;
				CLANG_WARN_DEPRECATED_OBJC_IMPLEMENTATIONS = YES;
				CLANG_WARN_DIRECT_OBJC_ISA_USAGE = YES_ERROR;
				CLANG_WARN_DOCUMENTATION_COMMENTS = YES;
				CLANG_WARN_EMPTY_BODY = YES;
				CLANG_WARN_ENUM_CONVERSION = YES;
				CLANG_WARN_INFINITE_RECURSION = YES;
				CLANG_WARN_INT_CONVERSION = YES;
				CLANG_WARN_NON_LITERAL_NULL_CONVERSION = YES;
				CLANG_WARN_OBJC_IMPLICIT_RETAIN_SELF = YES;
				CLANG_WARN_OBJC_LITERAL_CONVERSION = YES;
				CLANG_WARN_OBJC_ROOT_CLASS = YES_ERROR;
				CLANG_WARN_RANGE_LOOP_ANALYSIS = YES;
				CLANG_WARN_STRICT_PROTOTYPES = YES;
				CLANG_WARN_SUSPICIOUS_MOVE = YES;
				CLANG_WARN_UNGUARDED_AVAILABILITY = YES_AGGRESSIVE;
				CLANG_WARN_UNREACHABLE_CODE = YES;
				CLANG_WARN__DUPLICATE_METHOD_MATCH = YES;
				CODE_SIGN_IDENTITY = "iPhone Developer";
				COPY_PHASE_STRIP = NO;
				DEBUG_INFORMATION_FORMAT = dwarf;
				ENABLE_STRICT_OBJC_MSGSEND = YES;
				ENABLE_TESTABILITY = YES;
				GCC_C_LANGUAGE_STANDARD = gnu11;
				GCC_DYNAMIC_NO_PIC = NO;
				GCC_NO_COMMON_BLOCKS = YES;
				GCC_OPTIMIZATION_LEVEL = 0;
				GCC_PREPROCESSOR_DEFINITIONS = (
					"DEBUG=1",
					"$(inherited)",
				);
				GCC_WARN_64_TO_32_BIT_CONVERSION = YES;
				GCC_WARN_ABOUT_RETURN_TYPE = YES_ERROR;
				GCC_WARN_UNDECLARED_SELECTOR = YES;
				GCC_WARN_UNINITIALIZED_AUTOS = YES_AGGRESSIVE;
				GCC_WARN_UNUSED_FUNCTION = YES;
				GCC_WARN_UNUSED_VARIABLE = YES;
				IPHONEOS_DEPLOYMENT_TARGET = 12.1;
				MTL_ENABLE_DEBUG_INFO = INCLUDE_SOURCE;
				MTL_FAST_MATH = YES;
				ONLY_ACTIVE_ARCH = YES;
				SDKROOT = iphoneos;
				SWIFT_ACTIVE_COMPILATION_CONDITIONS = DEBUG;
				SWIFT_OPTIMIZATION_LEVEL = "-Onone";
			};
			name = Debug;
		};
		2B955FD8223AB560008BCB22 /* Release */ = {
			isa = XCBuildConfiguration;
			buildSettings = {
				ALWAYS_SEARCH_USER_PATHS = NO;
				CLANG_ANALYZER_NONNULL = YES;
				CLANG_ANALYZER_NUMBER_OBJECT_CONVERSION = YES_AGGRESSIVE;
				CLANG_CXX_LANGUAGE_STANDARD = "gnu++14";
				CLANG_CXX_LIBRARY = "libc++";
				CLANG_ENABLE_MODULES = YES;
				CLANG_ENABLE_OBJC_ARC = YES;
				CLANG_ENABLE_OBJC_WEAK = YES;
				CLANG_WARN_BLOCK_CAPTURE_AUTORELEASING = YES;
				CLANG_WARN_BOOL_CONVERSION = YES;
				CLANG_WARN_COMMA = YES;
				CLANG_WARN_CONSTANT_CONVERSION = YES;
				CLANG_WARN_DEPRECATED_OBJC_IMPLEMENTATIONS = YES;
				CLANG_WARN_DIRECT_OBJC_ISA_USAGE = YES_ERROR;
				CLANG_WARN_DOCUMENTATION_COMMENTS = YES;
				CLANG_WARN_EMPTY_BODY = YES;
				CLANG_WARN_ENUM_CONVERSION = YES;
				CLANG_WARN_INFINITE_RECURSION = YES;
				CLANG_WARN_INT_CONVERSION = YES;
				CLANG_WARN_NON_LITERAL_NULL_CONVERSION = YES;
				CLANG_WARN_OBJC_IMPLICIT_RETAIN_SELF = YES;
				CLANG_WARN_OBJC_LITERAL_CONVERSION = YES;
				CLANG_WARN_OBJC_ROOT_CLASS = YES_ERROR;
				CLANG_WARN_RANGE_LOOP_ANALYSIS = YES;
				CLANG_WARN_STRICT_PROTOTYPES = YES;
				CLANG_WARN_SUSPICIOUS_MOVE = YES;
				CLANG_WARN_UNGUARDED_AVAILABILITY = YES_AGGRESSIVE;
				CLANG_WARN_UNREACHABLE_CODE = YES;
				CLANG_WARN__DUPLICATE_METHOD_MATCH = YES;
				CODE_SIGN_IDENTITY = "iPhone Developer";
				COPY_PHASE_STRIP = NO;
				DEBUG_INFORMATION_FORMAT = "dwarf-with-dsym";
				ENABLE_NS_ASSERTIONS = NO;
				ENABLE_STRICT_OBJC_MSGSEND = YES;
				GCC_C_LANGUAGE_STANDARD = gnu11;
				GCC_NO_COMMON_BLOCKS = YES;
				GCC_WARN_64_TO_32_BIT_CONVERSION = YES;
				GCC_WARN_ABOUT_RETURN_TYPE = YES_ERROR;
				GCC_WARN_UNDECLARED_SELECTOR = YES;
				GCC_WARN_UNINITIALIZED_AUTOS = YES_AGGRESSIVE;
				GCC_WARN_UNUSED_FUNCTION = YES;
				GCC_WARN_UNUSED_VARIABLE = YES;
				IPHONEOS_DEPLOYMENT_TARGET = 12.1;
				MTL_ENABLE_DEBUG_INFO = NO;
				MTL_FAST_MATH = YES;
				SDKROOT = iphoneos;
				SWIFT_COMPILATION_MODE = wholemodule;
				SWIFT_OPTIMIZATION_LEVEL = "-O";
				VALIDATE_PRODUCT = YES;
			};
			name = Release;
		};
		2B955FDA223AB560008BCB22 /* Debug */ = {
			isa = XCBuildConfiguration;
			buildSettings = {
				ASSETCATALOG_COMPILER_APPICON_NAME = AppIcon;
				CODE_SIGN_IDENTITY = "iPhone Developer";
				CODE_SIGN_STYLE = Automatic;
				DEVELOPMENT_TEAM = WXMC8MD6TM;
				ENABLE_BITCODE = NO;
				FRAMEWORK_SEARCH_PATHS = (
					"$(inherited)",
					"$(PROJECT_DIR)/Carthage/Build/iOS",
				);
				INFOPLIST_FILE = SmartNotes/Info.plist;
				LD_RUNPATH_SEARCH_PATHS = (
					"$(inherited)",
					"@executable_path/Frameworks",
				);
				"OTHER_LDFLAGS[arch=*]" = (
					"$(OTHER_LDFLAGS)",
					"-ObjC",
				);
				PRODUCT_BUNDLE_IDENTIFIER = com.daian.SmartNotes;
				PRODUCT_NAME = "$(TARGET_NAME)";
				PROVISIONING_PROFILE_SPECIFIER = "";
				SWIFT_VERSION = 4.2;
				TARGETED_DEVICE_FAMILY = "1,2";
			};
			name = Debug;
		};
		2B955FDB223AB560008BCB22 /* Release */ = {
			isa = XCBuildConfiguration;
			buildSettings = {
				ASSETCATALOG_COMPILER_APPICON_NAME = AppIcon;
				CODE_SIGN_IDENTITY = "iPhone Developer";
				CODE_SIGN_STYLE = Automatic;
				DEVELOPMENT_TEAM = WXMC8MD6TM;
				ENABLE_BITCODE = NO;
				FRAMEWORK_SEARCH_PATHS = (
					"$(inherited)",
					"$(PROJECT_DIR)/Carthage/Build/iOS",
				);
				INFOPLIST_FILE = SmartNotes/Info.plist;
				LD_RUNPATH_SEARCH_PATHS = (
					"$(inherited)",
					"@executable_path/Frameworks",
				);
				"OTHER_LDFLAGS[arch=*]" = (
					"$(OTHER_LDFLAGS)",
					"-ObjC",
				);
				PRODUCT_BUNDLE_IDENTIFIER = com.daian.SmartNotes;
				PRODUCT_NAME = "$(TARGET_NAME)";
				PROVISIONING_PROFILE_SPECIFIER = "";
				SWIFT_VERSION = 4.2;
				TARGETED_DEVICE_FAMILY = "1,2";
			};
			name = Release;
		};
/* End XCBuildConfiguration section */

/* Begin XCConfigurationList section */
		2B955FBF223AB55C008BCB22 /* Build configuration list for PBXProject "SmartNotes" */ = {
			isa = XCConfigurationList;
			buildConfigurations = (
				2B955FD7223AB560008BCB22 /* Debug */,
				2B955FD8223AB560008BCB22 /* Release */,
			);
			defaultConfigurationIsVisible = 0;
			defaultConfigurationName = Release;
		};
		2B955FD9223AB560008BCB22 /* Build configuration list for PBXNativeTarget "SmartNotes" */ = {
			isa = XCConfigurationList;
			buildConfigurations = (
				2B955FDA223AB560008BCB22 /* Debug */,
				2B955FDB223AB560008BCB22 /* Release */,
			);
			defaultConfigurationIsVisible = 0;
			defaultConfigurationName = Release;
		};
/* End XCConfigurationList section */

/* Begin XCVersionGroup section */
		2B955FCE223AB55C008BCB22 /* SmartNotes.xcdatamodeld */ = {
			isa = XCVersionGroup;
			children = (
				2B955FCF223AB55C008BCB22 /* SmartNotes.xcdatamodel */,
			);
			currentVersion = 2B955FCF223AB55C008BCB22 /* SmartNotes.xcdatamodel */;
			path = SmartNotes.xcdatamodeld;
			sourceTree = "<group>";
			versionGroupType = wrapper.xcdatamodel;
		};
/* End XCVersionGroup section */
	};
	rootObject = 2B955FBC223AB55C008BCB22 /* Project object */;
}
